
Microsoft Visual Studio Solution File, Format Version 12.00
# Visual Studio Version 16
VisualStudioVersion = 16.0.29926.136
MinimumVisualStudioVersion = 10.0.40219.1
Project("{9A19103F-16F7-4668-BE54-9A1E7A4F7556}") = "cat0logic.WebApi", "src\cat0logic.WebApi\cat0logic.WebApi.csproj", "{944A95A3-772B-4704-91AF-74CF5FD4D18A}"
EndProject
Project("{2150E333-8FDC-42A3-9474-1A3956D46DE8}") = "src", "src", "{7511C569-6BD7-46B8-B282-927D0D7FCF49}"
EndProject
Project("{FAE04EC0-301F-11D3-BF4B-00C04F79EFBC}") = "cat0logic.Library", "src\cat0logic.Library\cat0logic.Library.csproj", "{B5AB2DA5-A5BB-4D24-A5B1-72A6E16EE646}"
EndProject
Global
	GlobalSection(SolutionConfigurationPlatforms) = preSolution
		Debug|Any CPU = Debug|Any CPU
		Release|Any CPU = Release|Any CPU
	EndGlobalSection
	GlobalSection(ProjectConfigurationPlatforms) = postSolution
		{944A95A3-772B-4704-91AF-74CF5FD4D18A}.Debug|Any CPU.ActiveCfg = Debug|Any CPU
		{944A95A3-772B-4704-91AF-74CF5FD4D18A}.Debug|Any CPU.Build.0 = Debug|Any CPU
		{944A95A3-772B-4704-91AF-74CF5FD4D18A}.Release|Any CPU.ActiveCfg = Release|Any CPU
		{944A95A3-772B-4704-91AF-74CF5FD4D18A}.Release|Any CPU.Build.0 = Release|Any CPU
		{B5AB2DA5-A5BB-4D24-A5B1-72A6E16EE646}.Debug|Any CPU.ActiveCfg = Debug|Any CPU
		{B5AB2DA5-A5BB-4D24-A5B1-72A6E16EE646}.Debug|Any CPU.Build.0 = Debug|Any CPU
		{B5AB2DA5-A5BB-4D24-A5B1-72A6E16EE646}.Release|Any CPU.ActiveCfg = Release|Any CPU
		{B5AB2DA5-A5BB-4D24-A5B1-72A6E16EE646}.Release|Any CPU.Build.0 = Release|Any CPU
	EndGlobalSection
	GlobalSection(SolutionProperties) = preSolution
		HideSolutionNode = FALSE
	EndGlobalSection
	GlobalSection(NestedProjects) = preSolution
		{944A95A3-772B-4704-91AF-74CF5FD4D18A} = {7511C569-6BD7-46B8-B282-927D0D7FCF49}
		{B5AB2DA5-A5BB-4D24-A5B1-72A6E16EE646} = {7511C569-6BD7-46B8-B282-927D0D7FCF49}
	EndGlobalSection
	GlobalSection(ExtensibilityGlobals) = postSolution
		SolutionGuid = {054EA64E-2B5B-4164-8636-FCC5C62251BA}
	EndGlobalSection
EndGlobal
